{"1.1.0",
[{<<"goldrush">>,{pkg,<<"goldrush">>,<<"0.1.9">>},1},
 {<<"lager">>,{pkg,<<"lager">>,<<"3.2.4">>},0},
 {<<"ranch">>,{pkg,<<"ranch">>,<<"1.3.1">>},0}]}.
[
{pkg_hash,[
 {<<"goldrush">>, <<"F06E5D5F1277DA5C413E84D5A2924174182FB108DABB39D5EC548B27424CD106">>},
 {<<"lager">>, <<"A6DEB74DAE7927F46BD13255268308EF03EB206EC784A94EAF7C1C0F3B811615">>},
 {<<"ranch">>, <<"3D4F59414CF8F71152F87A207A29FC48452D1FA8832E0C72F91DC579EB9076A0">>}]}
].
